PODS:
  - Alamofire (5.4.1)
  - SwiftGen (6.4.0)

DEPENDENCIES:
  - Alamofire
  - SwiftGen

SPEC REPOS:
  https://github.com/CocoaPods/Specs.git:
    - Alamofire
    - SwiftGen

SPEC CHECKSUMS:
  Alamofire: 2291f7d21ca607c491dd17642e5d40fdcda0e65c
  SwiftGen: 67860cc7c3cfc2ed25b9b74cfd55495fc89f9108

PODFILE CHECKSUM: 5f6d920c87260e68fbe9918efeb5e79379f4ff2b

COCOAPODS: 1.10.1
